
Microsoft Visual Studio Solution File, Format Version 12.00
# Visual Studio Version 16
VisualStudioVersion = 16.0.31702.278
MinimumVisualStudioVersion = 10.0.40219.1
Project("{FAE04EC0-301F-11D3-BF4B-00C04F79EFBC}") = "Pokedex opdracht PROG", "Pokedex opdracht PROG.csproj", "{6B913FC5-1DE6-48CA-8EF8-EB157E9DA006}"
EndProject
Global
	GlobalSection(SolutionConfigurationPlatforms) = preSolution
		Debug|Any CPU = Debug|Any CPU
		Release|Any CPU = Release|Any CPU
	EndGlobalSection
	GlobalSection(ProjectConfigurationPlatforms) = postSolution
		{6B913FC5-1DE6-48CA-8EF8-EB157E9DA006}.Debug|Any CPU.ActiveCfg = Debug|Any CPU
		{6B913FC5-1DE6-48CA-8EF8-EB157E9DA006}.Debug|Any CPU.Build.0 = Debug|Any CPU
		{6B913FC5-1DE6-48CA-8EF8-EB157E9DA006}.Release|Any CPU.ActiveCfg = Release|Any CPU
		{6B913FC5-1DE6-48CA-8EF8-EB157E9DA006}.Release|Any CPU.Build.0 = Release|Any CPU
	EndGlobalSection
	GlobalSection(SolutionProperties) = preSolution
		HideSolutionNode = FALSE
	EndGlobalSection
	GlobalSection(ExtensibilityGlobals) = postSolution
		SolutionGuid = {BA8F8EC9-CFC3-4393-9F3D-E713E610094D}
	EndGlobalSection
EndGlobal
